
Microsoft Visual Studio Solution File, Format Version 12.00
# Visual Studio Version 17
VisualStudioVersion = 17.13.35931.197 d17.13
MinimumVisualStudioVersion = 10.0.40219.1
Project("{FAE04EC0-301F-11D3-BF4B-00C04F79EFBC}") = "WinFormsApp3", "WinFormsApp3\WinFormsApp3.csproj", "{528C2270-06C3-4F9B-BD5D-EC879C7EA960}"
EndProject
Global
	GlobalSection(SolutionConfigurationPlatforms) = preSolution
		Debug|Any CPU = Debug|Any CPU
		Release|Any CPU = Release|Any CPU
	EndGlobalSection
	GlobalSection(ProjectConfigurationPlatforms) = postSolution
		{528C2270-06C3-4F9B-BD5D-EC879C7EA960}.Debug|Any CPU.ActiveCfg = Debug|Any CPU
		{528C2270-06C3-4F9B-BD5D-EC879C7EA960}.Debug|Any CPU.Build.0 = Debug|Any CPU
		{528C2270-06C3-4F9B-BD5D-EC879C7EA960}.Release|Any CPU.ActiveCfg = Release|Any CPU
		{528C2270-06C3-4F9B-BD5D-EC879C7EA960}.Release|Any CPU.Build.0 = Release|Any CPU
	EndGlobalSection
	GlobalSection(SolutionProperties) = preSolution
		HideSolutionNode = FALSE
	EndGlobalSection
	GlobalSection(ExtensibilityGlobals) = postSolution
		SolutionGuid = {37EA99DC-463D-4A84-B1BD-B12998B00241}
	EndGlobalSection
EndGlobal
